// !$*UTF8*$!
{
	archiveVersion = 1;
	classes = {
	};
	objectVersion = 46;
	objects = {

/* Begin PBXBuildFile section */
		B308CB1B1C79BCB7004EADA0 /* PassageViewController.swift in Sources */ = {isa = PBXBuildFile; fileRef = B308CB1A1C79BCB7004EADA0 /* PassageViewController.swift */; };
		B37610D51C819500008E842E /* PassageTableViewCell.swift in Sources */ = {isa = PBXBuildFile; fileRef = B37610D41C819500008E842E /* PassageTableViewCell.swift */; };
		B38FD97C1C81A24A00680945 /* Passage.swift in Sources */ = {isa = PBXBuildFile; fileRef = B38FD97B1C81A24A00680945 /* Passage.swift */; };
		B3C0F8C81C525E4800421FBC /* AppDelegate.swift in Sources */ = {isa = PBXBuildFile; fileRef = B3C0F8C71C525E4800421FBC /* AppDelegate.swift */; };
		B3C0F8CA1C525E4800421FBC /* LoginViewController.swift in Sources */ = {isa = PBXBuildFile; fileRef = B3C0F8C91C525E4800421FBC /* LoginViewController.swift */; };
		B3C0F8CD1C525E4800421FBC /* Main.storyboard in Resources */ = {isa = PBXBuildFile; fileRef = B3C0F8CB1C525E4800421FBC /* Main.storyboard */; };
		B3C0F8CF1C525E4800421FBC /* Assets.xcassets in Resources */ = {isa = PBXBuildFile; fileRef = B3C0F8CE1C525E4800421FBC /* Assets.xcassets */; };
		B3C0F8D21C525E4800421FBC /* LaunchScreen.storyboard in Resources */ = {isa = PBXBuildFile; fileRef = B3C0F8D01C525E4800421FBC /* LaunchScreen.storyboard */; };
		B3C0F8DD1C525E4800421FBC /* blogTests.swift in Sources */ = {isa = PBXBuildFile; fileRef = B3C0F8DC1C525E4800421FBC /* blogTests.swift */; };
		B3C0F8E81C525E4800421FBC /* blogUITests.swift in Sources */ = {isa = PBXBuildFile; fileRef = B3C0F8E71C525E4800421FBC /* blogUITests.swift */; };
		B3C0F8F61C52651B00421FBC /* .gitignore in Resources */ = {isa = PBXBuildFile; fileRef = B3C0F8F51C52651B00421FBC /* .gitignore */; };
		B3C6ACCC1C85747600A841EE /* DetailViewController.swift in Sources */ = {isa = PBXBuildFile; fileRef = B3C6ACCB1C85747600A841EE /* DetailViewController.swift */; };
		B3C802BA1C8590F5009B246F /* SearchViewController.swift in Sources */ = {isa = PBXBuildFile; fileRef = B3C802B91C8590F5009B246F /* SearchViewController.swift */; };
		B3C802BE1C85B7CD009B246F /* SearchTableViewCell.swift in Sources */ = {isa = PBXBuildFile; fileRef = B3C802BD1C85B7CD009B246F /* SearchTableViewCell.swift */; };
		B3C802C01C85C594009B246F /* Global.swift in Sources */ = {isa = PBXBuildFile; fileRef = B3C802BF1C85C594009B246F /* Global.swift */; };
/* End PBXBuildFile section */

/* Begin PBXContainerItemProxy section */
		B3C0F8D91C525E4800421FBC /* PBXContainerItemProxy */ = {
			isa = PBXContainerItemProxy;
			containerPortal = B3C0F8BC1C525E4800421FBC /* Project object */;
			proxyType = 1;
			remoteGlobalIDString = B3C0F8C31C525E4800421FBC;
			remoteInfo = blog;
		};
		B3C0F8E41C525E4800421FBC /* PBXContainerItemProxy */ = {
			isa = PBXContainerItemProxy;
			containerPortal = B3C0F8BC1C525E4800421FBC /* Project object */;
			proxyType = 1;
			remoteGlobalIDString = B3C0F8C31C525E4800421FBC;
			remoteInfo = blog;
		};
/* End PBXContainerItemProxy section */

/* Begin PBXFileReference section */
		B308CB1A1C79BCB7004EADA0 /* PassageViewController.swift */ = {isa = PBXFileReference; fileEncoding = 4; lastKnownFileType = sourcecode.swift; path = PassageViewController.swift; sourceTree = "<group>"; };
		B37610D41C819500008E842E /* PassageTableViewCell.swift */ = {isa = PBXFileReference; fileEncoding = 4; lastKnownFileType = sourcecode.swift; path = PassageTableViewCell.swift; sourceTree = "<group>"; };
		B38FD97B1C81A24A00680945 /* Passage.swift */ = {isa = PBXFileReference; fileEncoding = 4; lastKnownFileType = sourcecode.swift; name = Passage.swift; path = ../Passage.swift; sourceTree = "<group>"; };
		B3C0F8C41C525E4800421FBC /* blog.app */ = {isa = PBXFileReference; explicitFileType = wrapper.application; includeInIndex = 0; path = blog.app; sourceTree = BUILT_PRODUCTS_DIR; };
		B3C0F8C71C525E4800421FBC /* AppDelegate.swift */ = {isa = PBXFileReference; lastKnownFileType = sourcecode.swift; path = AppDelegate.swift; sourceTree = "<group>"; };
		B3C0F8C91C525E4800421FBC /* LoginViewController.swift */ = {isa = PBXFileReference; lastKnownFileType = sourcecode.swift; path = LoginViewController.swift; sourceTree = "<group>"; };
		B3C0F8CC1C525E4800421FBC /* Base */ = {isa = PBXFileReference; lastKnownFileType = file.storyboard; name = Base; path = Base.lproj/Main.storyboard; sourceTree = "<group>"; };
		B3C0F8CE1C525E4800421FBC /* Assets.xcassets */ = {isa = PBXFileReference; lastKnownFileType = folder.assetcatalog; path = Assets.xcassets; sourceTree = "<group>"; };
		B3C0F8D11C525E4800421FBC /* Base */ = {isa = PBXFileReference; lastKnownFileType = file.storyboard; name = Base; path = Base.lproj/LaunchScreen.storyboard; sourceTree = "<group>"; };
		B3C0F8D31C525E4800421FBC /* Info.plist */ = {isa = PBXFileReference; lastKnownFileType = text.plist.xml; path = Info.plist; sourceTree = "<group>"; };
		B3C0F8D81C525E4800421FBC /* blogTests.xctest */ = {isa = PBXFileReference; explicitFileType = wrapper.cfbundle; includeInIndex = 0; path = blogTests.xctest; sourceTree = BUILT_PRODUCTS_DIR; };
		B3C0F8DC1C525E4800421FBC /* blogTests.swift */ = {isa = PBXFileReference; lastKnownFileType = sourcecode.swift; path = blogTests.swift; sourceTree = "<group>"; };
		B3C0F8DE1C525E4800421FBC /* Info.plist */ = {isa = PBXFileReference; lastKnownFileType = text.plist.xml; path = Info.plist; sourceTree = "<group>"; };
		B3C0F8E31C525E4800421FBC /* blogUITests.xctest */ = {isa = PBXFileReference; explicitFileType = wrapper.cfbundle; includeInIndex = 0; path = blogUITests.xctest; sourceTree = BUILT_PRODUCTS_DIR; };
		B3C0F8E71C525E4800421FBC /* blogUITests.swift */ = {isa = PBXFileReference; lastKnownFileType = sourcecode.swift; path = blogUITests.swift; sourceTree = "<group>"; };
		B3C0F8E91C525E4800421FBC /* Info.plist */ = {isa = PBXFileReference; lastKnownFileType = text.plist.xml; path = Info.plist; sourceTree = "<group>"; };
		B3C0F8F51C52651B00421FBC /* .gitignore */ = {isa = PBXFileReference; fileEncoding = 4; lastKnownFileType = text; path = .gitignore; sourceTree = "<group>"; };
		B3C6ACCB1C85747600A841EE /* DetailViewController.swift */ = {isa = PBXFileReference; fileEncoding = 4; lastKnownFileType = sourcecode.swift; path = DetailViewController.swift; sourceTree = "<group>"; };
		B3C802B91C8590F5009B246F /* SearchViewController.swift */ = {isa = PBXFileReference; fileEncoding = 4; lastKnownFileType = sourcecode.swift; path = SearchViewController.swift; sourceTree = "<group>"; };
		B3C802BD1C85B7CD009B246F /* SearchTableViewCell.swift */ = {isa = PBXFileReference; fileEncoding = 4; lastKnownFileType = sourcecode.swift; path = SearchTableViewCell.swift; sourceTree = "<group>"; };
		B3C802BF1C85C594009B246F /* Global.swift */ = {isa = PBXFileReference; fileEncoding = 4; lastKnownFileType = sourcecode.swift; path = Global.swift; sourceTree = "<group>"; };
/* End PBXFileReference section */

/* Begin PBXFrameworksBuildPhase section */
		B3C0F8C11C525E4800421FBC /* Frameworks */ = {
			isa = PBXFrameworksBuildPhase;
			buildActionMask = 2147483647;
			files = (
			);
			runOnlyForDeploymentPostprocessing = 0;
		};
		B3C0F8D51C525E4800421FBC /* Frameworks */ = {
			isa = PBXFrameworksBuildPhase;
			buildActionMask = 2147483647;
			files = (
			);
			runOnlyForDeploymentPostprocessing = 0;
		};
		B3C0F8E01C525E4800421FBC /* Frameworks */ = {
			isa = PBXFrameworksBuildPhase;
			buildActionMask = 2147483647;
			files = (
			);
			runOnlyForDeploymentPostprocessing = 0;
		};
/* End PBXFrameworksBuildPhase section */

/* Begin PBXGroup section */
		B3C0F8BB1C525E4800421FBC = {
			isa = PBXGroup;
			children = (
				B3C0F8F51C52651B00421FBC /* .gitignore */,
				B3C0F8C61C525E4800421FBC /* blog */,
				B3C0F8DB1C525E4800421FBC /* blogTests */,
				B3C0F8E61C525E4800421FBC /* blogUITests */,
				B3C0F8C51C525E4800421FBC /* Products */,
			);
			sourceTree = "<group>";
		};
		B3C0F8C51C525E4800421FBC /* Products */ = {
			isa = PBXGroup;
			children = (
				B3C0F8C41C525E4800421FBC /* blog.app */,
				B3C0F8D81C525E4800421FBC /* blogTests.xctest */,
				B3C0F8E31C525E4800421FBC /* blogUITests.xctest */,
			);
			name = Products;
			sourceTree = "<group>";
		};
		B3C0F8C61C525E4800421FBC /* blog */ = {
			isa = PBXGroup;
			children = (
				B38FD97B1C81A24A00680945 /* Passage.swift */,
				B3C0F8C71C525E4800421FBC /* AppDelegate.swift */,
				B3C0F8C91C525E4800421FBC /* LoginViewController.swift */,
				B3C0F8CB1C525E4800421FBC /* Main.storyboard */,
				B37610D41C819500008E842E /* PassageTableViewCell.swift */,
				B3C0F8CE1C525E4800421FBC /* Assets.xcassets */,
				B3C0F8D01C525E4800421FBC /* LaunchScreen.storyboard */,
				B3C0F8D31C525E4800421FBC /* Info.plist */,
				B308CB1A1C79BCB7004EADA0 /* PassageViewController.swift */,
				B3C6ACCB1C85747600A841EE /* DetailViewController.swift */,
				B3C802B91C8590F5009B246F /* SearchViewController.swift */,
				B3C802BD1C85B7CD009B246F /* SearchTableViewCell.swift */,
				B3C802BF1C85C594009B246F /* Global.swift */,
			);
			path = blog;
			sourceTree = "<group>";
		};
		B3C0F8DB1C525E4800421FBC /* blogTests */ = {
			isa = PBXGroup;
			children = (
				B3C0F8DC1C525E4800421FBC /* blogTests.swift */,
				B3C0F8DE1C525E4800421FBC /* Info.plist */,
			);
			path = blogTests;
			sourceTree = "<group>";
		};
		B3C0F8E61C525E4800421FBC /* blogUITests */ = {
			isa = PBXGroup;
			children = (
				B3C0F8E71C525E4800421FBC /* blogUITests.swift */,
				B3C0F8E91C525E4800421FBC /* Info.plist */,
			);
			path = blogUITests;
			sourceTree = "<group>";
		};
/* End PBXGroup section */

/* Begin PBXNativeTarget section */
		B3C0F8C31C525E4800421FBC /* blog */ = {
			isa = PBXNativeTarget;
			buildConfigurationList = B3C0F8EC1C525E4800421FBC /* Build configuration list for PBXNativeTarget "blog" */;
			buildPhases = (
				B3C0F8C01C525E4800421FBC /* Sources */,
				B3C0F8C11C525E4800421FBC /* Frameworks */,
				B3C0F8C21C525E4800421FBC /* Resources */,
			);
			buildRules = (
			);
			dependencies = (
			);
			name = blog;
			productName = blog;
			productReference = B3C0F8C41C525E4800421FBC /* blog.app */;
			productType = "com.apple.product-type.application";
		};
		B3C0F8D71C525E4800421FBC /* blogTests */ = {
			isa = PBXNativeTarget;
			buildConfigurationList = B3C0F8EF1C525E4800421FBC /* Build configuration list for PBXNativeTarget "blogTests" */;
			buildPhases = (
				B3C0F8D41C525E4800421FBC /* Sources */,
				B3C0F8D51C525E4800421FBC /* Frameworks */,
				B3C0F8D61C525E4800421FBC /* Resources */,
			);
			buildRules = (
			);
			dependencies = (
				B3C0F8DA1C525E4800421FBC /* PBXTargetDependency */,
			);
			name = blogTests;
			productName = blogTests;
			productReference = B3C0F8D81C525E4800421FBC /* blogTests.xctest */;
			productType = "com.apple.product-type.bundle.unit-test";
		};
		B3C0F8E21C525E4800421FBC /* blogUITests */ = {
			isa = PBXNativeTarget;
			buildConfigurationList = B3C0F8F21C525E4800421FBC /* Build configuration list for PBXNativeTarget "blogUITests" */;
			buildPhases = (
				B3C0F8DF1C525E4800421FBC /* Sources */,
				B3C0F8E01C525E4800421FBC /* Frameworks */,
				B3C0F8E11C525E4800421FBC /* Resources */,
			);
			buildRules = (
			);
			dependencies = (
				B3C0F8E51C525E4800421FBC /* PBXTargetDependency */,
			);
			name = blogUITests;
			productName = blogUITests;
			productReference = B3C0F8E31C525E4800421FBC /* blogUITests.xctest */;
			productType = "com.apple.product-type.bundle.ui-testing";
		};
/* End PBXNativeTarget section */

/* Begin PBXProject section */
		B3C0F8BC1C525E4800421FBC /* Project object */ = {
			isa = PBXProject;
			attributes = {
				LastSwiftUpdateCheck = 0720;
				LastUpgradeCheck = 0720;
				ORGANIZATIONNAME = Leo;
				TargetAttributes = {
					B3C0F8C31C525E4800421FBC = {
						CreatedOnToolsVersion = 7.2;
						DevelopmentTeam = 4A534YZ87T;
					};
					B3C0F8D71C525E4800421FBC = {
						CreatedOnToolsVersion = 7.2;
						TestTargetID = B3C0F8C31C525E4800421FBC;
					};
					B3C0F8E21C525E4800421FBC = {
						CreatedOnToolsVersion = 7.2;
						TestTargetID = B3C0F8C31C525E4800421FBC;
					};
				};
			};
			buildConfigurationList = B3C0F8BF1C525E4800421FBC /* Build configuration list for PBXProject "blog" */;
			compatibilityVersion = "Xcode 3.2";
			developmentRegion = English;
			hasScannedForEncodings = 0;
			knownRegions = (
				en,
				Base,
			);
			mainGroup = B3C0F8BB1C525E4800421FBC;
			productRefGroup = B3C0F8C51C525E4800421FBC /* Products */;
			projectDirPath = "";
			projectRoot = "";
			targets = (
				B3C0F8C31C525E4800421FBC /* blog */,
				B3C0F8D71C525E4800421FBC /* blogTests */,
				B3C0F8E21C525E4800421FBC /* blogUITests */,
			);
		};
/* End PBXProject section */

/* Begin PBXResourcesBuildPhase section */
		B3C0F8C21C525E4800421FBC /* Resources */ = {
			isa = PBXResourcesBuildPhase;
			buildActionMask = 2147483647;
			files = (
				B3C0F8F61C52651B00421FBC /* .gitignore in Resources */,
				B3C0F8D21C525E4800421FBC /* LaunchScreen.storyboard in Resources */,
				B3C0F8CF1C525E4800421FBC /* Assets.xcassets in Resources */,
				B3C0F8CD1C525E4800421FBC /* Main.storyboard in Resources */,
			);
			runOnlyForDeploymentPostprocessing = 0;
		};
		B3C0F8D61C525E4800421FBC /* Resources */ = {
			isa = PBXResourcesBuildPhase;
			buildActionMask = 2147483647;
			files = (
			);
			runOnlyForDeploymentPostprocessing = 0;
		};
		B3C0F8E11C525E4800421FBC /* Resources */ = {
			isa = PBXResourcesBuildPhase;
			buildActionMask = 2147483647;
			files = (
			);
			runOnlyForDeploymentPostprocessing = 0;
		};
/* End PBXResourcesBuildPhase section */

/* Begin PBXSourcesBuildPhase section */
		B3C0F8C01C525E4800421FBC /* Sources */ = {
			isa = PBXSourcesBuildPhase;
			buildActionMask = 2147483647;
			files = (
				B38FD97C1C81A24A00680945 /* Passage.swift in Sources */,
				B3C802BA1C8590F5009B246F /* SearchViewController.swift in Sources */,
				B37610D51C819500008E842E /* PassageTableViewCell.swift in Sources */,
				B3C0F8CA1C525E4800421FBC /* LoginViewController.swift in Sources */,
				B3C6ACCC1C85747600A841EE /* DetailViewController.swift in Sources */,
				B3C802BE1C85B7CD009B246F /* SearchTableViewCell.swift in Sources */,
				B3C0F8C81C525E4800421FBC /* AppDelegate.swift in Sources */,
				B308CB1B1C79BCB7004EADA0 /* PassageViewController.swift in Sources */,
				B3C802C01C85C594009B246F /* Global.swift in Sources */,
			);
			runOnlyForDeploymentPostprocessing = 0;
		};
		B3C0F8D41C525E4800421FBC /* Sources */ = {
			isa = PBXSourcesBuildPhase;
			buildActionMask = 2147483647;
			files = (
				B3C0F8DD1C525E4800421FBC /* blogTests.swift in Sources */,
			);
			runOnlyForDeploymentPostprocessing = 0;
		};
		B3C0F8DF1C525E4800421FBC /* Sources */ = {
			isa = PBXSourcesBuildPhase;
			buildActionMask = 2147483647;
			files = (
				B3C0F8E81C525E4800421FBC /* blogUITests.swift in Sources */,
			);
			runOnlyForDeploymentPostprocessing = 0;
		};
/* End PBXSourcesBuildPhase section */

/* Begin PBXTargetDependency section */
		B3C0F8DA1C525E4800421FBC /* PBXTargetDependency */ = {
			isa = PBXTargetDependency;
			target = B3C0F8C31C525E4800421FBC /* blog */;
			targetProxy = B3C0F8D91C525E4800421FBC /* PBXContainerItemProxy */;
		};
		B3C0F8E51C525E4800421FBC /* PBXTargetDependency */ = {
			isa = PBXTargetDependency;
			target = B3C0F8C31C525E4800421FBC /* blog */;
			targetProxy = B3C0F8E41C525E4800421FBC /* PBXContainerItemProxy */;
		};
/* End PBXTargetDependency section */

/* Begin PBXVariantGroup section */
		B3C0F8CB1C525E4800421FBC /* Main.storyboard */ = {
			isa = PBXVariantGroup;
			children = (
				B3C0F8CC1C525E4800421FBC /* Base */,
			);
			name = Main.storyboard;
			sourceTree = "<group>";
		};
		B3C0F8D01C525E4800421FBC /* LaunchScreen.storyboard */ = {
			isa = PBXVariantGroup;
			children = (
				B3C0F8D11C525E4800421FBC /* Base */,
			);
			name = LaunchScreen.storyboard;
			sourceTree = "<group>";
		};
/* End PBXVariantGroup section */

/* Begin XCBuildConfiguration section */
		B3C0F8EA1C525E4800421FBC /* Debug */ = {
			isa = XCBuildConfiguration;
			buildSettings = {
				ALWAYS_SEARCH_USER_PATHS = NO;
				CLANG_CXX_LANGUAGE_STANDARD = "gnu++0x";
				CLANG_CXX_LIBRARY = "libc++";
				CLANG_ENABLE_MODULES = YES;
				CLANG_ENABLE_OBJC_ARC = YES;
				CLANG_WARN_BOOL_CONVERSION = YES;
				CLANG_WARN_CONSTANT_CONVERSION = YES;
				CLANG_WARN_DIRECT_OBJC_ISA_USAGE = YES_ERROR;
				CLANG_WARN_EMPTY_BODY = YES;
				CLANG_WARN_ENUM_CONVERSION = YES;
				CLANG_WARN_INT_CONVERSION = YES;
				CLANG_WARN_OBJC_ROOT_CLASS = YES_ERROR;
				CLANG_WARN_UNREACHABLE_CODE = YES;
				CLANG_WARN__DUPLICATE_METHOD_MATCH = YES;
				"CODE_SIGN_IDENTITY[sdk=iphoneos*]" = "iPhone Developer";
				COPY_PHASE_STRIP = NO;
				DEBUG_INFORMATION_FORMAT = dwarf;
				ENABLE_STRICT_OBJC_MSGSEND = YES;
				ENABLE_TESTABILITY = YES;
				GCC_C_LANGUAGE_STANDARD = gnu99;
				GCC_DYNAMIC_NO_PIC = NO;
				GCC_NO_COMMON_BLOCKS = YES;
				GCC_OPTIMIZATION_LEVEL = 0;
				GCC_PREPROCESSOR_DEFINITIONS = (
					"DEBUG=1",
					"$(inherited)",
				);
				GCC_WARN_64_TO_32_BIT_CONVERSION = YES;
				GCC_WARN_ABOUT_RETURN_TYPE = YES_ERROR;
				GCC_WARN_UNDECLARED_SELECTOR = YES;
				GCC_WARN_UNINITIALIZED_AUTOS = YES_AGGRESSIVE;
				GCC_WARN_UNUSED_FUNCTION = YES;
				GCC_WARN_UNUSED_VARIABLE = YES;
				IPHONEOS_DEPLOYMENT_TARGET = 9.2;
				MTL_ENABLE_DEBUG_INFO = YES;
				ONLY_ACTIVE_ARCH = YES;
				SDKROOT = iphoneos;
				SWIFT_OPTIMIZATION_LEVEL = "-Onone";
				TARGETED_DEVICE_FAMILY = 2;
			};
			name = Debug;
		};
		B3C0F8EB1C525E4800421FBC /* Release */ = {
			isa = XCBuildConfiguration;
			buildSettings = {
				ALWAYS_SEARCH_USER_PATHS = NO;
				CLANG_CXX_LANGUAGE_STANDARD = "gnu++0x";
				CLANG_CXX_LIBRARY = "libc++";
				CLANG_ENABLE_MODULES = YES;
				CLANG_ENABLE_OBJC_ARC = YES;
				CLANG_WARN_BOOL_CONVERSION = YES;
				CLANG_WARN_CONSTANT_CONVERSION = YES;
				CLANG_WARN_DIRECT_OBJC_ISA_USAGE = YES_ERROR;
				CLANG_WARN_EMPTY_BODY = YES;
				CLANG_WARN_ENUM_CONVERSION = YES;
				CLANG_WARN_INT_CONVERSION = YES;
				CLANG_WARN_OBJC_ROOT_CLASS = YES_ERROR;
				CLANG_WARN_UNREACHABLE_CODE = YES;
				CLANG_WARN__DUPLICATE_METHOD_MATCH = YES;
				"CODE_SIGN_IDENTITY[sdk=iphoneos*]" = "iPhone Developer";
				COPY_PHASE_STRIP = NO;
				DEBUG_INFORMATION_FORMAT = "dwarf-with-dsym";
				ENABLE_NS_ASSERTIONS = NO;
				ENABLE_STRICT_OBJC_MSGSEND = YES;
				GCC_C_LANGUAGE_STANDARD = gnu99;
				GCC_NO_COMMON_BLOCKS = YES;
				GCC_WARN_64_TO_32_BIT_CONVERSION = YES;
				GCC_WARN_ABOUT_RETURN_TYPE = YES_ERROR;
				GCC_WARN_UNDECLARED_SELECTOR = YES;
				GCC_WARN_UNINITIALIZED_AUTOS = YES_AGGRESSIVE;
				GCC_WARN_UNUSED_FUNCTION = YES;
				GCC_WARN_UNUSED_VARIABLE = YES;
				IPHONEOS_DEPLOYMENT_TARGET = 9.2;
				MTL_ENABLE_DEBUG_INFO = NO;
				SDKROOT = iphoneos;
				TARGETED_DEVICE_FAMILY = 2;
				VALIDATE_PRODUCT = YES;
			};
			name = Release;
		};
		B3C0F8ED1C525E4800421FBC /* Debug */ = {
			isa = XCBuildConfiguration;
			buildSettings = {
				ASSETCATALOG_COMPILER_APPICON_NAME = AppIcon;
				ASSETCATALOG_COMPILER_LAUNCHIMAGE_NAME = "Brand Assets";
				CODE_SIGN_IDENTITY = "iPhone Developer";
				INFOPLIST_FILE = blog/Info.plist;
				LD_RUNPATH_SEARCH_PATHS = "$(inherited) @executable_path/Frameworks";
				PRODUCT_BUNDLE_IDENTIFIER = cn.leo.blog;
				PRODUCT_NAME = "$(TARGET_NAME)";
			};
			name = Debug;
		};
		B3C0F8EE1C525E4800421FBC /* Release */ = {
			isa = XCBuildConfiguration;
			buildSettings = {
				ASSETCATALOG_COMPILER_APPICON_NAME = AppIcon;
				ASSETCATALOG_COMPILER_LAUNCHIMAGE_NAME = "Brand Assets";
				CODE_SIGN_IDENTITY = "iPhone Developer";
				INFOPLIST_FILE = blog/Info.plist;
				LD_RUNPATH_SEARCH_PATHS = "$(inherited) @executable_path/Frameworks";
				PRODUCT_BUNDLE_IDENTIFIER = cn.leo.blog;
				PRODUCT_NAME = "$(TARGET_NAME)";
			};
			name = Release;
		};
		B3C0F8F01C525E4800421FBC /* Debug */ = {
			isa = XCBuildConfiguration;
			buildSettings = {
				BUNDLE_LOADER = "$(TEST_HOST)";
				INFOPLIST_FILE = blogTests/Info.plist;
				LD_RUNPATH_SEARCH_PATHS = "$(inherited) @executable_path/Frameworks @loader_path/Frameworks";
				PRODUCT_BUNDLE_IDENTIFIER = cn.leo.blogTests;
				PRODUCT_NAME = "$(TARGET_NAME)";
				TEST_HOST = "$(BUILT_PRODUCTS_DIR)/blog.app/blog";
			};
			name = Debug;
		};
		B3C0F8F11C525E4800421FBC /* Release */ = {
			isa = XCBuildConfiguration;
			buildSettings = {
				BUNDLE_LOADER = "$(TEST_HOST)";
				INFOPLIST_FILE = blogTests/Info.plist;
				LD_RUNPATH_SEARCH_PATHS = "$(inherited) @executable_path/Frameworks @loader_path/Frameworks";
				PRODUCT_BUNDLE_IDENTIFIER = cn.leo.blogTests;
				PRODUCT_NAME = "$(TARGET_NAME)";
				TEST_HOST = "$(BUILT_PRODUCTS_DIR)/blog.app/blog";
			};
			name = Release;
		};
		B3C0F8F31C525E4800421FBC /* Debug */ = {
			isa = XCBuildConfiguration;
			buildSettings = {
				INFOPLIST_FILE = blogUITests/Info.plist;
				LD_RUNPATH_SEARCH_PATHS = "$(inherited) @executable_path/Frameworks @loader_path/Frameworks";
				PRODUCT_BUNDLE_IDENTIFIER = cn.leo.blogUITests;
				PRODUCT_NAME = "$(TARGET_NAME)";
				TEST_TARGET_NAME = blog;
				USES_XCTRUNNER = YES;
			};
			name = Debug;
		};
		B3C0F8F41C525E4800421FBC /* Release */ = {
			isa = XCBuildConfiguration;
			buildSettings = {
				INFOPLIST_FILE = blogUITests/Info.plist;
				LD_RUNPATH_SEARCH_PATHS = "$(inherited) @executable_path/Frameworks @loader_path/Frameworks";
				PRODUCT_BUNDLE_IDENTIFIER = cn.leo.blogUITests;
				PRODUCT_NAME = "$(TARGET_NAME)";
				TEST_TARGET_NAME = blog;
				USES_XCTRUNNER = YES;
			};
			name = Release;
		};
/* End XCBuildConfiguration section */

/* Begin XCConfigurationList section */
		B3C0F8BF1C525E4800421FBC /* Build configuration list for PBXProject "blog" */ = {
			isa = XCConfigurationList;
			buildConfigurations = (
				B3C0F8EA1C525E4800421FBC /* Debug */,
				B3C0F8EB1C525E4800421FBC /* Release */,
			);
			defaultConfigurationIsVisible = 0;
			defaultConfigurationName = Release;
		};
		B3C0F8EC1C525E4800421FBC /* Build configuration list for PBXNativeTarget "blog" */ = {
			isa = XCConfigurationList;
			buildConfigurations = (
				B3C0F8ED1C525E4800421FBC /* Debug */,
				B3C0F8EE1C525E4800421FBC /* Release */,
			);
			defaultConfigurationIsVisible = 0;
			defaultConfigurationName = Release;
		};
		B3C0F8EF1C525E4800421FBC /* Build configuration list for PBXNativeTarget "blogTests" */ = {
			isa = XCConfigurationList;
			buildConfigurations = (
				B3C0F8F01C525E4800421FBC /* Debug */,
				B3C0F8F11C525E4800421FBC /* Release */,
			);
			defaultConfigurationIsVisible = 0;
			defaultConfigurationName = Release;
		};
		B3C0F8F21C525E4800421FBC /* Build configuration list for PBXNativeTarget "blogUITests" */ = {
			isa = XCConfigurationList;
			buildConfigurations = (
				B3C0F8F31C525E4800421FBC /* Debug */,
				B3C0F8F41C525E4800421FBC /* Release */,
			);
			defaultConfigurationIsVisible = 0;
			defaultConfigurationName = Release;
		};
/* End XCConfigurationList section */
	};
	rootObject = B3C0F8BC1C525E4800421FBC /* Project object */;
}
